
Microsoft Visual Studio Solution File, Format Version 12.00
# Visual Studio Version 17
VisualStudioVersion = 17.7.34221.43
MinimumVisualStudioVersion = 10.0.40219.1
Project("{FAE04EC0-301F-11D3-BF4B-00C04F79EFBC}") = "git", "git\git.csproj", "{6EFEFD54-2651-44D7-9CEC-89F9A7D4CD13}"
EndProject
Global
	GlobalSection(SolutionConfigurationPlatforms) = preSolution
		Debug|Any CPU = Debug|Any CPU
		Release|Any CPU = Release|Any CPU
	EndGlobalSection
	GlobalSection(ProjectConfigurationPlatforms) = postSolution
		{6EFEFD54-2651-44D7-9CEC-89F9A7D4CD13}.Debug|Any CPU.ActiveCfg = Debug|Any CPU
		{6EFEFD54-2651-44D7-9CEC-89F9A7D4CD13}.Debug|Any CPU.Build.0 = Debug|Any CPU
		{6EFEFD54-2651-44D7-9CEC-89F9A7D4CD13}.Release|Any CPU.ActiveCfg = Release|Any CPU
		{6EFEFD54-2651-44D7-9CEC-89F9A7D4CD13}.Release|Any CPU.Build.0 = Release|Any CPU
	EndGlobalSection
	GlobalSection(SolutionProperties) = preSolution
		HideSolutionNode = FALSE
	EndGlobalSection
	GlobalSection(ExtensibilityGlobals) = postSolution
		SolutionGuid = {524F71F2-B983-45F7-9925-4A3ED4132A27}
	EndGlobalSection
EndGlobal
